// !$*UTF8*$!
{
	archiveVersion = 1;
	classes = {
	};
	objectVersion = 50;
	objects = {

/* Begin PBXBuildFile section */
		0DD1A06D2278AA8F00D4C336 /* main.m in Sources */ = {isa = PBXBuildFile; fileRef = 0DD1A06C2278AA8F00D4C336 /* main.m */; };
		0DD1A0752278AB9C00D4C336 /* Question.m in Sources */ = {isa = PBXBuildFile; fileRef = 0DD1A0742278AB9C00D4C336 /* Question.m */; };
		0DD1A0782278B69900D4C336 /* InputHandler.m in Sources */ = {isa = PBXBuildFile; fileRef = 0DD1A0772278B69900D4C336 /* InputHandler.m */; };
		0DD1A07B2278B89900D4C336 /* ScoreKeeper.m in Sources */ = {isa = PBXBuildFile; fileRef = 0DD1A07A2278B89900D4C336 /* ScoreKeeper.m */; };
		0DF420692279EE48009D9D06 /* QuestionManager.m in Sources */ = {isa = PBXBuildFile; fileRef = 0DF420682279EE48009D9D06 /* QuestionManager.m */; };
		0DF4206C2279F732009D9D06 /* AdditionQuestion.m in Sources */ = {isa = PBXBuildFile; fileRef = 0DF4206B2279F732009D9D06 /* AdditionQuestion.m */; };
		0DF4206F2279F73F009D9D06 /* SubtractionQuestion.m in Sources */ = {isa = PBXBuildFile; fileRef = 0DF4206E2279F73F009D9D06 /* SubtractionQuestion.m */; };
		0DF420722279F75D009D9D06 /* MultiplicationQuestion.m in Sources */ = {isa = PBXBuildFile; fileRef = 0DF420712279F75D009D9D06 /* MultiplicationQuestion.m */; };
		0DF420752279F798009D9D06 /* DivisionQuestion.m in Sources */ = {isa = PBXBuildFile; fileRef = 0DF420742279F798009D9D06 /* DivisionQuestion.m */; };
		0DF420782279FAA5009D9D06 /* QuestionFactory.m in Sources */ = {isa = PBXBuildFile; fileRef = 0DF420772279FAA5009D9D06 /* QuestionFactory.m */; };
/* End PBXBuildFile section */

/* Begin PBXCopyFilesBuildPhase section */
		0DD1A0672278AA8F00D4C336 /* CopyFiles */ = {
			isa = PBXCopyFilesBuildPhase;
			buildActionMask = 2147483647;
			dstPath = /usr/share/man/man1/;
			dstSubfolderSpec = 0;
			files = (
			);
			runOnlyForDeploymentPostprocessing = 1;
		};
/* End PBXCopyFilesBuildPhase section */

/* Begin PBXFileReference section */
		0DD1A0692278AA8F00D4C336 /* MathGame */ = {isa = PBXFileReference; explicitFileType = "compiled.mach-o.executable"; includeInIndex = 0; path = MathGame; sourceTree = BUILT_PRODUCTS_DIR; };
		0DD1A06C2278AA8F00D4C336 /* main.m */ = {isa = PBXFileReference; lastKnownFileType = sourcecode.c.objc; path = main.m; sourceTree = "<group>"; };
		0DD1A0732278AB9C00D4C336 /* Question.h */ = {isa = PBXFileReference; lastKnownFileType = sourcecode.c.h; path = Question.h; sourceTree = "<group>"; };
		0DD1A0742278AB9C00D4C336 /* Question.m */ = {isa = PBXFileReference; lastKnownFileType = sourcecode.c.objc; path = Question.m; sourceTree = "<group>"; };
		0DD1A0762278B69900D4C336 /* InputHandler.h */ = {isa = PBXFileReference; lastKnownFileType = sourcecode.c.h; path = InputHandler.h; sourceTree = "<group>"; };
		0DD1A0772278B69900D4C336 /* InputHandler.m */ = {isa = PBXFileReference; lastKnownFileType = sourcecode.c.objc; path = InputHandler.m; sourceTree = "<group>"; };
		0DD1A0792278B89900D4C336 /* ScoreKeeper.h */ = {isa = PBXFileReference; lastKnownFileType = sourcecode.c.h; path = ScoreKeeper.h; sourceTree = "<group>"; };
		0DD1A07A2278B89900D4C336 /* ScoreKeeper.m */ = {isa = PBXFileReference; lastKnownFileType = sourcecode.c.objc; path = ScoreKeeper.m; sourceTree = "<group>"; };
		0DF420672279EE48009D9D06 /* QuestionManager.h */ = {isa = PBXFileReference; lastKnownFileType = sourcecode.c.h; path = QuestionManager.h; sourceTree = "<group>"; };
		0DF420682279EE48009D9D06 /* QuestionManager.m */ = {isa = PBXFileReference; lastKnownFileType = sourcecode.c.objc; path = QuestionManager.m; sourceTree = "<group>"; };
		0DF4206A2279F732009D9D06 /* AdditionQuestion.h */ = {isa = PBXFileReference; lastKnownFileType = sourcecode.c.h; path = AdditionQuestion.h; sourceTree = "<group>"; };
		0DF4206B2279F732009D9D06 /* AdditionQuestion.m */ = {isa = PBXFileReference; lastKnownFileType = sourcecode.c.objc; path = AdditionQuestion.m; sourceTree = "<group>"; };
		0DF4206D2279F73F009D9D06 /* SubtractionQuestion.h */ = {isa = PBXFileReference; lastKnownFileType = sourcecode.c.h; path = SubtractionQuestion.h; sourceTree = "<group>"; };
		0DF4206E2279F73F009D9D06 /* SubtractionQuestion.m */ = {isa = PBXFileReference; lastKnownFileType = sourcecode.c.objc; path = SubtractionQuestion.m; sourceTree = "<group>"; };
		0DF420702279F75D009D9D06 /* MultiplicationQuestion.h */ = {isa = PBXFileReference; lastKnownFileType = sourcecode.c.h; path = MultiplicationQuestion.h; sourceTree = "<group>"; };
		0DF420712279F75D009D9D06 /* MultiplicationQuestion.m */ = {isa = PBXFileReference; lastKnownFileType = sourcecode.c.objc; path = MultiplicationQuestion.m; sourceTree = "<group>"; };
		0DF420732279F798009D9D06 /* DivisionQuestion.h */ = {isa = PBXFileReference; lastKnownFileType = sourcecode.c.h; path = DivisionQuestion.h; sourceTree = "<group>"; };
		0DF420742279F798009D9D06 /* DivisionQuestion.m */ = {isa = PBXFileReference; lastKnownFileType = sourcecode.c.objc; path = DivisionQuestion.m; sourceTree = "<group>"; };
		0DF420762279FAA5009D9D06 /* QuestionFactory.h */ = {isa = PBXFileReference; lastKnownFileType = sourcecode.c.h; path = QuestionFactory.h; sourceTree = "<group>"; };
		0DF420772279FAA5009D9D06 /* QuestionFactory.m */ = {isa = PBXFileReference; lastKnownFileType = sourcecode.c.objc; path = QuestionFactory.m; sourceTree = "<group>"; };
/* End PBXFileReference section */

/* Begin PBXFrameworksBuildPhase section */
		0DD1A0662278AA8F00D4C336 /* Frameworks */ = {
			isa = PBXFrameworksBuildPhase;
			buildActionMask = 2147483647;
			files = (
			);
			runOnlyForDeploymentPostprocessing = 0;
		};
/* End PBXFrameworksBuildPhase section */

/* Begin PBXGroup section */
		0DD1A0602278AA8F00D4C336 = {
			isa = PBXGroup;
			children = (
				0DD1A06B2278AA8F00D4C336 /* MathGame */,
				0DD1A06A2278AA8F00D4C336 /* Products */,
			);
			sourceTree = "<group>";
		};
		0DD1A06A2278AA8F00D4C336 /* Products */ = {
			isa = PBXGroup;
			children = (
				0DD1A0692278AA8F00D4C336 /* MathGame */,
			);
			name = Products;
			sourceTree = "<group>";
		};
		0DD1A06B2278AA8F00D4C336 /* MathGame */ = {
			isa = PBXGroup;
			children = (
				0DD1A06C2278AA8F00D4C336 /* main.m */,
				0DD1A0792278B89900D4C336 /* ScoreKeeper.h */,
				0DD1A07A2278B89900D4C336 /* ScoreKeeper.m */,
				0DD1A0762278B69900D4C336 /* InputHandler.h */,
				0DD1A0772278B69900D4C336 /* InputHandler.m */,
				0DF420672279EE48009D9D06 /* QuestionManager.h */,
				0DF420682279EE48009D9D06 /* QuestionManager.m */,
				0DF420762279FAA5009D9D06 /* QuestionFactory.h */,
				0DF420772279FAA5009D9D06 /* QuestionFactory.m */,
				0DD1A0732278AB9C00D4C336 /* Question.h */,
				0DD1A0742278AB9C00D4C336 /* Question.m */,
				0DF4206A2279F732009D9D06 /* AdditionQuestion.h */,
				0DF4206B2279F732009D9D06 /* AdditionQuestion.m */,
				0DF4206D2279F73F009D9D06 /* SubtractionQuestion.h */,
				0DF4206E2279F73F009D9D06 /* SubtractionQuestion.m */,
				0DF420702279F75D009D9D06 /* MultiplicationQuestion.h */,
				0DF420712279F75D009D9D06 /* MultiplicationQuestion.m */,
				0DF420732279F798009D9D06 /* DivisionQuestion.h */,
				0DF420742279F798009D9D06 /* DivisionQuestion.m */,
			);
			path = MathGame;
			sourceTree = "<group>";
		};
/* End PBXGroup section */

/* Begin PBXNativeTarget section */
		0DD1A0682278AA8F00D4C336 /* MathGame */ = {
			isa = PBXNativeTarget;
			buildConfigurationList = 0DD1A0702278AA8F00D4C336 /* Build configuration list for PBXNativeTarget "MathGame" */;
			buildPhases = (
				0DD1A0652278AA8F00D4C336 /* Sources */,
				0DD1A0662278AA8F00D4C336 /* Frameworks */,
				0DD1A0672278AA8F00D4C336 /* CopyFiles */,
			);
			buildRules = (
			);
			dependencies = (
			);
			name = MathGame;
			productName = MathGame;
			productReference = 0DD1A0692278AA8F00D4C336 /* MathGame */;
			productType = "com.apple.product-type.tool";
		};
/* End PBXNativeTarget section */

/* Begin PBXProject section */
		0DD1A0612278AA8F00D4C336 /* Project object */ = {
			isa = PBXProject;
			attributes = {
				LastUpgradeCheck = 1020;
				ORGANIZATIONNAME = "Ray Kang";
				TargetAttributes = {
					0DD1A0682278AA8F00D4C336 = {
						CreatedOnToolsVersion = 10.2.1;
					};
				};
			};
			buildConfigurationList = 0DD1A0642278AA8F00D4C336 /* Build configuration list for PBXProject "MathGame" */;
			compatibilityVersion = "Xcode 9.3";
			developmentRegion = en;
			hasScannedForEncodings = 0;
			knownRegions = (
				en,
			);
			mainGroup = 0DD1A0602278AA8F00D4C336;
			productRefGroup = 0DD1A06A2278AA8F00D4C336 /* Products */;
			projectDirPath = "";
			projectRoot = "";
			targets = (
				0DD1A0682278AA8F00D4C336 /* MathGame */,
			);
		};
/* End PBXProject section */

/* Begin PBXSourcesBuildPhase section */
		0DD1A0652278AA8F00D4C336 /* Sources */ = {
			isa = PBXSourcesBuildPhase;
			buildActionMask = 2147483647;
			files = (
				0DF420692279EE48009D9D06 /* QuestionManager.m in Sources */,
				0DF420722279F75D009D9D06 /* MultiplicationQuestion.m in Sources */,
				0DF4206C2279F732009D9D06 /* AdditionQuestion.m in Sources */,
				0DF4206F2279F73F009D9D06 /* SubtractionQuestion.m in Sources */,
				0DD1A07B2278B89900D4C336 /* ScoreKeeper.m in Sources */,
				0DD1A06D2278AA8F00D4C336 /* main.m in Sources */,
				0DF420752279F798009D9D06 /* DivisionQuestion.m in Sources */,
				0DD1A0782278B69900D4C336 /* InputHandler.m in Sources */,
				0DF420782279FAA5009D9D06 /* QuestionFactory.m in Sources */,
				0DD1A0752278AB9C00D4C336 /* Question.m in Sources */,
			);
			runOnlyForDeploymentPostprocessing = 0;
		};
/* End PBXSourcesBuildPhase section */

/* Begin XCBuildConfiguration section */
		0DD1A06E2278AA8F00D4C336 /* Debug */ = {
			isa = XCBuildConfiguration;
			buildSettings = {
				ALWAYS_SEARCH_USER_PATHS = NO;
				CLANG_ANALYZER_NONNULL = YES;
				CLANG_ANALYZER_NUMBER_OBJECT_CONVERSION = YES_AGGRESSIVE;
				CLANG_CXX_LANGUAGE_STANDARD = "gnu++14";
				CLANG_CXX_LIBRARY = "libc++";
				CLANG_ENABLE_MODULES = YES;
				CLANG_ENABLE_OBJC_ARC = YES;
				CLANG_ENABLE_OBJC_WEAK = YES;
				CLANG_WARN_BLOCK_CAPTURE_AUTORELEASING = YES;
				CLANG_WARN_BOOL_CONVERSION = YES;
				CLANG_WARN_COMMA = YES;
				CLANG_WARN_CONSTANT_CONVERSION = YES;
				CLANG_WARN_DEPRECATED_OBJC_IMPLEMENTATIONS = YES;
				CLANG_WARN_DIRECT_OBJC_ISA_USAGE = YES_ERROR;
				CLANG_WARN_DOCUMENTATION_COMMENTS = YES;
				CLANG_WARN_EMPTY_BODY = YES;
				CLANG_WARN_ENUM_CONVERSION = YES;
				CLANG_WARN_INFINITE_RECURSION = YES;
				CLANG_WARN_INT_CONVERSION = YES;
				CLANG_WARN_NON_LITERAL_NULL_CONVERSION = YES;
				CLANG_WARN_OBJC_IMPLICIT_RETAIN_SELF = YES;
				CLANG_WARN_OBJC_LITERAL_CONVERSION = YES;
				CLANG_WARN_OBJC_ROOT_CLASS = YES_ERROR;
				CLANG_WARN_RANGE_LOOP_ANALYSIS = YES;
				CLANG_WARN_STRICT_PROTOTYPES = YES;
				CLANG_WARN_SUSPICIOUS_MOVE = YES;
				CLANG_WARN_UNGUARDED_AVAILABILITY = YES_AGGRESSIVE;
				CLANG_WARN_UNREACHABLE_CODE = YES;
				CLANG_WARN__DUPLICATE_METHOD_MATCH = YES;
				CODE_SIGN_IDENTITY = "-";
				COPY_PHASE_STRIP = NO;
				DEBUG_INFORMATION_FORMAT = dwarf;
				ENABLE_STRICT_OBJC_MSGSEND = YES;
				ENABLE_TESTABILITY = YES;
				GCC_C_LANGUAGE_STANDARD = gnu11;
				GCC_DYNAMIC_NO_PIC = NO;
				GCC_NO_COMMON_BLOCKS = YES;
				GCC_OPTIMIZATION_LEVEL = 0;
				GCC_PREPROCESSOR_DEFINITIONS = (
					"DEBUG=1",
					"$(inherited)",
				);
				GCC_WARN_64_TO_32_BIT_CONVERSION = YES;
				GCC_WARN_ABOUT_RETURN_TYPE = YES_ERROR;
				GCC_WARN_UNDECLARED_SELECTOR = YES;
				GCC_WARN_UNINITIALIZED_AUTOS = YES_AGGRESSIVE;
				GCC_WARN_UNUSED_FUNCTION = YES;
				GCC_WARN_UNUSED_VARIABLE = YES;
				MACOSX_DEPLOYMENT_TARGET = 10.14;
				MTL_ENABLE_DEBUG_INFO = INCLUDE_SOURCE;
				MTL_FAST_MATH = YES;
				ONLY_ACTIVE_ARCH = YES;
				SDKROOT = macosx;
			};
			name = Debug;
		};
		0DD1A06F2278AA8F00D4C336 /* Release */ = {
			isa = XCBuildConfiguration;
			buildSettings = {
				ALWAYS_SEARCH_USER_PATHS = NO;
				CLANG_ANALYZER_NONNULL = YES;
				CLANG_ANALYZER_NUMBER_OBJECT_CONVERSION = YES_AGGRESSIVE;
				CLANG_CXX_LANGUAGE_STANDARD = "gnu++14";
				CLANG_CXX_LIBRARY = "libc++";
				CLANG_ENABLE_MODULES = YES;
				CLANG_ENABLE_OBJC_ARC = YES;
				CLANG_ENABLE_OBJC_WEAK = YES;
				CLANG_WARN_BLOCK_CAPTURE_AUTORELEASING = YES;
				CLANG_WARN_BOOL_CONVERSION = YES;
				CLANG_WARN_COMMA = YES;
				CLANG_WARN_CONSTANT_CONVERSION = YES;
				CLANG_WARN_DEPRECATED_OBJC_IMPLEMENTATIONS = YES;
				CLANG_WARN_DIRECT_OBJC_ISA_USAGE = YES_ERROR;
				CLANG_WARN_DOCUMENTATION_COMMENTS = YES;
				CLANG_WARN_EMPTY_BODY = YES;
				CLANG_WARN_ENUM_CONVERSION = YES;
				CLANG_WARN_INFINITE_RECURSION = YES;
				CLANG_WARN_INT_CONVERSION = YES;
				CLANG_WARN_NON_LITERAL_NULL_CONVERSION = YES;
				CLANG_WARN_OBJC_IMPLICIT_RETAIN_SELF = YES;
				CLANG_WARN_OBJC_LITERAL_CONVERSION = YES;
				CLANG_WARN_OBJC_ROOT_CLASS = YES_ERROR;
				CLANG_WARN_RANGE_LOOP_ANALYSIS = YES;
				CLANG_WARN_STRICT_PROTOTYPES = YES;
				CLANG_WARN_SUSPICIOUS_MOVE = YES;
				CLANG_WARN_UNGUARDED_AVAILABILITY = YES_AGGRESSIVE;
				CLANG_WARN_UNREACHABLE_CODE = YES;
				CLANG_WARN__DUPLICATE_METHOD_MATCH = YES;
				CODE_SIGN_IDENTITY = "-";
				COPY_PHASE_STRIP = NO;
				DEBUG_INFORMATION_FORMAT = "dwarf-with-dsym";
				ENABLE_NS_ASSERTIONS = NO;
				ENABLE_STRICT_OBJC_MSGSEND = YES;
				GCC_C_LANGUAGE_STANDARD = gnu11;
				GCC_NO_COMMON_BLOCKS = YES;
				GCC_WARN_64_TO_32_BIT_CONVERSION = YES;
				GCC_WARN_ABOUT_RETURN_TYPE = YES_ERROR;
				GCC_WARN_UNDECLARED_SELECTOR = YES;
				GCC_WARN_UNINITIALIZED_AUTOS = YES_AGGRESSIVE;
				GCC_WARN_UNUSED_FUNCTION = YES;
				GCC_WARN_UNUSED_VARIABLE = YES;
				MACOSX_DEPLOYMENT_TARGET = 10.14;
				MTL_ENABLE_DEBUG_INFO = NO;
				MTL_FAST_MATH = YES;
				SDKROOT = macosx;
			};
			name = Release;
		};
		0DD1A0712278AA8F00D4C336 /* Debug */ = {
			isa = XCBuildConfiguration;
			buildSettings = {
				CODE_SIGN_STYLE = Automatic;
				PRODUCT_NAME = "$(TARGET_NAME)";
			};
			name = Debug;
		};
		0DD1A0722278AA8F00D4C336 /* Release */ = {
			isa = XCBuildConfiguration;
			buildSettings = {
				CODE_SIGN_STYLE = Automatic;
				PRODUCT_NAME = "$(TARGET_NAME)";
			};
			name = Release;
		};
/* End XCBuildConfiguration section */

/* Begin XCConfigurationList section */
		0DD1A0642278AA8F00D4C336 /* Build configuration list for PBXProject "MathGame" */ = {
			isa = XCConfigurationList;
			buildConfigurations = (
				0DD1A06E2278AA8F00D4C336 /* Debug */,
				0DD1A06F2278AA8F00D4C336 /* Release */,
			);
			defaultConfigurationIsVisible = 0;
			defaultConfigurationName = Release;
		};
		0DD1A0702278AA8F00D4C336 /* Build configuration list for PBXNativeTarget "MathGame" */ = {
			isa = XCConfigurationList;
			buildConfigurations = (
				0DD1A0712278AA8F00D4C336 /* Debug */,
				0DD1A0722278AA8F00D4C336 /* Release */,
			);
			defaultConfigurationIsVisible = 0;
			defaultConfigurationName = Release;
		};
/* End XCConfigurationList section */
	};
	rootObject = 0DD1A0612278AA8F00D4C336 /* Project object */;
}
